{
  "version": 4,
  "terraform_version": "1.5.7",
  "serial": 5,
  "lineage": "59303809-44a0-ec72-516b-a9eb8be9454e",
  "outputs": {},
  "resources": [
    {
      "mode": "managed",
      "type": "google_artifact_registry_repository",
      "name": "main",
      "provider": "provider[\"registry.terraform.io/hashicorp/google\"]",
      "instances": [
        {
          "schema_version": 0,
          "attributes": {
            "cleanup_policies": [],
            "cleanup_policy_dry_run": false,
            "create_time": "2025-05-22T23:32:42.528950Z",
            "description": "Docker repository for API",
            "docker_config": [],
            "effective_labels": {},
            "format": "DOCKER",
            "id": "projects/terraform-cloudrun-api/locations/asia-northeast1/repositories/terraform-cloudrun-api-repo",
            "kms_key_name": "",
            "labels": null,
            "location": "asia-northeast1",
            "maven_config": [],
            "mode": "STANDARD_REPOSITORY",
            "name": "terraform-cloudrun-api-repo",
            "project": "terraform-cloudrun-api",
            "remote_repository_config": [],
            "repository_id": "terraform-cloudrun-api-repo",
            "terraform_labels": {},
            "timeouts": null,
            "update_time": "2025-05-22T23:32:42.528950Z",
            "virtual_repository_config": []
          },
          "sensitive_attributes": [],
          "private": "eyJlMmJmYjczMC1lY2FhLTExZTYtOGY4OC0zNDM2M2JjN2M0YzAiOnsiY3JlYXRlIjoxMjAwMDAwMDAwMDAwLCJkZWxldGUiOjEyMDAwMDAwMDAwMDAsInVwZGF0ZSI6MTIwMDAwMDAwMDAwMH19"
        }
      ]
    },
    {
      "mode": "managed",
      "type": "google_storage_bucket",
      "name": "example",
      "provider": "provider[\"registry.terraform.io/hashicorp/google\"]",
      "instances": [
        {
          "schema_version": 2,
          "attributes": {
            "autoclass": [],
            "cors": [],
            "custom_placement_config": [],
            "default_event_based_hold": false,
            "effective_labels": {},
            "enable_object_retention": false,
            "encryption": [],
            "force_destroy": false,
            "id": "terraform-cloudrun-api-terraform-test-bucket",
            "labels": {},
            "lifecycle_rule": [],
            "location": "ASIA-NORTHEAST1",
            "logging": [],
            "name": "terraform-cloudrun-api-terraform-test-bucket",
            "project": "terraform-cloudrun-api",
            "project_number": 311809888569,
            "public_access_prevention": "inherited",
            "requester_pays": false,
            "retention_policy": [],
            "rpo": null,
            "self_link": "https://www.googleapis.com/storage/v1/b/terraform-cloudrun-api-terraform-test-bucket",
            "soft_delete_policy": [
              {
                "effective_time": "2025-05-22T00:25:36.591Z",
                "retention_duration_seconds": 604800
              }
            ],
            "storage_class": "STANDARD",
            "terraform_labels": {},
            "timeouts": null,
            "uniform_bucket_level_access": false,
            "url": "gs://terraform-cloudrun-api-terraform-test-bucket",
            "versioning": [],
            "website": []
          },
          "sensitive_attributes": [],
          "private": "eyJlMmJmYjczMC1lY2FhLTExZTYtOGY4OC0zNDM2M2JjN2M0YzAiOnsiY3JlYXRlIjo2MDAwMDAwMDAwMDAsInJlYWQiOjI0MDAwMDAwMDAwMCwidXBkYXRlIjoyNDAwMDAwMDAwMDB9LCJzY2hlbWFfdmVyc2lvbiI6IjIifQ=="
        }
      ]
    }
  ],
  "check_results": null
}
